// !$*UTF8*$!
{
	archiveVersion = 1;
	classes = {
	};
	objectVersion = 46;
	objects = {

/* Begin PBXBuildFile section */
		6D27AD061B541CD3009F91B3 /* ResearchTopicTableViewController.swift in Sources */ = {isa = PBXBuildFile; fileRef = 6D27AD041B541CD3009F91B3 /* ResearchTopicTableViewController.swift */; };
		6D27AD071B541CD3009F91B3 /* ResearchTopicViewController.swift in Sources */ = {isa = PBXBuildFile; fileRef = 6D27AD051B541CD3009F91B3 /* ResearchTopicViewController.swift */; };
		6D27AD0B1B542445009F91B3 /* ResearchTopicTableViewCell.swift in Sources */ = {isa = PBXBuildFile; fileRef = 6D27AD0A1B542445009F91B3 /* ResearchTopicTableViewCell.swift */; };
		6D27AD111B557B7A009F91B3 /* ForumTableViewController.swift in Sources */ = {isa = PBXBuildFile; fileRef = 6D27AD101B557B7A009F91B3 /* ForumTableViewController.swift */; };
		6D27AD161B558995009F91B3 /* TopicShowTableViewController.swift in Sources */ = {isa = PBXBuildFile; fileRef = 6D27AD151B558995009F91B3 /* TopicShowTableViewController.swift */; };
		6D27AD181B558F9D009F91B3 /* TopicPostTableViewCell.swift in Sources */ = {isa = PBXBuildFile; fileRef = 6D27AD171B558F9D009F91B3 /* TopicPostTableViewCell.swift */; };
		6D27AD1A1B559E18009F91B3 /* TopicNewViewController.swift in Sources */ = {isa = PBXBuildFile; fileRef = 6D27AD191B559E18009F91B3 /* TopicNewViewController.swift */; };
		6D4122071B55ACBC00562C88 /* PostNewViewController.swift in Sources */ = {isa = PBXBuildFile; fileRef = 6D4122061B55ACBC00562C88 /* PostNewViewController.swift */; };
		6D4268C31B50BC0D00AE3A83 /* LoginViewController.swift in Sources */ = {isa = PBXBuildFile; fileRef = 6D4268C21B50BC0D00AE3A83 /* LoginViewController.swift */; };
		6D7D49561B3C3F5C005C4189 /* AboutMeSurveyTask.swift in Sources */ = {isa = PBXBuildFile; fileRef = 6D7D49551B3C3F5C005C4189 /* AboutMeSurveyTask.swift */; };
		6D7D495A1B3C40CD005C4189 /* AdditionalInformationSurveyTask.swift in Sources */ = {isa = PBXBuildFile; fileRef = 6D7D49591B3C40CD005C4189 /* AdditionalInformationSurveyTask.swift */; };
		6D7D495C1B3C4DAF005C4189 /* MySleepPatternSurveyTask.swift in Sources */ = {isa = PBXBuildFile; fileRef = 6D7D495B1B3C4DAF005C4189 /* MySleepPatternSurveyTask.swift */; };
		6D7D495E1B3C4E34005C4189 /* AboutMyFamilySurveyTask.swift in Sources */ = {isa = PBXBuildFile; fileRef = 6D7D495D1B3C4E34005C4189 /* AboutMyFamilySurveyTask.swift */; };
		6D7D49601B3C4E60005C4189 /* MySleepQualitySurveyTask.swift in Sources */ = {isa = PBXBuildFile; fileRef = 6D7D495F1B3C4E60005C4189 /* MySleepQualitySurveyTask.swift */; };
		6D7D49621B3C4E8B005C4189 /* MyHealthConditionsSurveyTask.swift in Sources */ = {isa = PBXBuildFile; fileRef = 6D7D49611B3C4E8B005C4189 /* MyHealthConditionsSurveyTask.swift */; };
		6D7D49641B3C4EB1005C4189 /* MyInterestInResearchSurveyTask.swift in Sources */ = {isa = PBXBuildFile; fileRef = 6D7D49631B3C4EB1005C4189 /* MyInterestInResearchSurveyTask.swift */; };
		6D7D49661B3C4EDC005C4189 /* MyQualityOfLifeSurveyTask.swift in Sources */ = {isa = PBXBuildFile; fileRef = 6D7D49651B3C4EDC005C4189 /* MyQualityOfLifeSurveyTask.swift */; };
		6D7D49681B3C4F05005C4189 /* MySleepApneaTreatmentSurveyTask.swift in Sources */ = {isa = PBXBuildFile; fileRef = 6D7D49671B3C4F05005C4189 /* MySleepApneaTreatmentSurveyTask.swift */; };
		6D7D496A1B3C4F2A005C4189 /* MySleepApneaSurveyTask.swift in Sources */ = {isa = PBXBuildFile; fileRef = 6D7D49691B3C4F2A005C4189 /* MySleepApneaSurveyTask.swift */; };
		6D7D496C1B3C4F4B005C4189 /* MyRiskProfileSurveyTask.swift in Sources */ = {isa = PBXBuildFile; fileRef = 6D7D496B1B3C4F4B005C4189 /* MyRiskProfileSurveyTask.swift */; };
		6DBF3ACC1B61384A00094C91 /* InitialViewController.swift in Sources */ = {isa = PBXBuildFile; fileRef = 6DBF3ACB1B61384A00094C91 /* InitialViewController.swift */; };
		6DBF3AD01B61396B00094C91 /* WelcomePageViewController.swift in Sources */ = {isa = PBXBuildFile; fileRef = 6DBF3ACF1B61396B00094C91 /* WelcomePageViewController.swift */; };
		6DBF3AD21B61398800094C91 /* WelcomeItemViewController.swift in Sources */ = {isa = PBXBuildFile; fileRef = 6DBF3AD11B61398800094C91 /* WelcomeItemViewController.swift */; };
		6DDC89291B3B41DA007DD498 /* AppDelegate.swift in Sources */ = {isa = PBXBuildFile; fileRef = 6DDC89281B3B41DA007DD498 /* AppDelegate.swift */; };
		6DDC892B1B3B41DA007DD498 /* FirstViewController.swift in Sources */ = {isa = PBXBuildFile; fileRef = 6DDC892A1B3B41DA007DD498 /* FirstViewController.swift */; };
		6DDC892D1B3B41DA007DD498 /* SecondViewController.swift in Sources */ = {isa = PBXBuildFile; fileRef = 6DDC892C1B3B41DA007DD498 /* SecondViewController.swift */; };
		6DDC89301B3B41DA007DD498 /* Main.storyboard in Resources */ = {isa = PBXBuildFile; fileRef = 6DDC892E1B3B41DA007DD498 /* Main.storyboard */; };
		6DDC89321B3B41DA007DD498 /* Images.xcassets in Resources */ = {isa = PBXBuildFile; fileRef = 6DDC89311B3B41DA007DD498 /* Images.xcassets */; };
		6DDC89351B3B41DA007DD498 /* LaunchScreen.xib in Resources */ = {isa = PBXBuildFile; fileRef = 6DDC89331B3B41DA007DD498 /* LaunchScreen.xib */; };
		6DDC89411B3B41DA007DD498 /* MyApneaRKTests.swift in Sources */ = {isa = PBXBuildFile; fileRef = 6DDC89401B3B41DA007DD498 /* MyApneaRKTests.swift */; };
		6DDC89541B3B4921007DD498 /* ResearchKit.framework in Frameworks */ = {isa = PBXBuildFile; fileRef = 6DDC89511B3B4910007DD498 /* ResearchKit.framework */; };
		6DDC89551B3B4921007DD498 /* ResearchKit.framework in Embed Frameworks */ = {isa = PBXBuildFile; fileRef = 6DDC89511B3B4910007DD498 /* ResearchKit.framework */; settings = {ATTRIBUTES = (CodeSignOnCopy, RemoveHeadersOnCopy, ); }; };
		6DDC895B1B3B497F007DD498 /* ConsentDocument.swift in Sources */ = {isa = PBXBuildFile; fileRef = 6DDC895A1B3B497F007DD498 /* ConsentDocument.swift */; };
		6DDC895D1B3B49A2007DD498 /* ConsentTask.swift in Sources */ = {isa = PBXBuildFile; fileRef = 6DDC895C1B3B49A2007DD498 /* ConsentTask.swift */; };
/* End PBXBuildFile section */

/* Begin PBXContainerItemProxy section */
		6DDC893B1B3B41DA007DD498 /* PBXContainerItemProxy */ = {
			isa = PBXContainerItemProxy;
			containerPortal = 6DDC891B1B3B41DA007DD498 /* Project object */;
			proxyType = 1;
			remoteGlobalIDString = 6DDC89221B3B41DA007DD498;
			remoteInfo = MyApneaRK;
		};
		6DDC89501B3B4910007DD498 /* PBXContainerItemProxy */ = {
			isa = PBXContainerItemProxy;
			containerPortal = 6DDC894A1B3B4910007DD498 /* ResearchKit.xcodeproj */;
			proxyType = 2;
			remoteGlobalIDString = B183A5951A8535D100C76870;
			remoteInfo = ResearchKit;
		};
		6DDC89521B3B4910007DD498 /* PBXContainerItemProxy */ = {
			isa = PBXContainerItemProxy;
			containerPortal = 6DDC894A1B3B4910007DD498 /* ResearchKit.xcodeproj */;
			proxyType = 2;
			remoteGlobalIDString = 86CC8E9A1AC09332001CCD89;
			remoteInfo = ResearchKitTests;
		};
		6DDC89561B3B4921007DD498 /* PBXContainerItemProxy */ = {
			isa = PBXContainerItemProxy;
			containerPortal = 6DDC894A1B3B4910007DD498 /* ResearchKit.xcodeproj */;
			proxyType = 1;
			remoteGlobalIDString = B183A4731A8535D100C76870;
			remoteInfo = ResearchKit;
		};
/* End PBXContainerItemProxy section */

/* Begin PBXCopyFilesBuildPhase section */
		6DDC89581B3B4921007DD498 /* Embed Frameworks */ = {
			isa = PBXCopyFilesBuildPhase;
			buildActionMask = 2147483647;
			dstPath = "";
			dstSubfolderSpec = 10;
			files = (
				6DDC89551B3B4921007DD498 /* ResearchKit.framework in Embed Frameworks */,
			);
			name = "Embed Frameworks";
			runOnlyForDeploymentPostprocessing = 0;
		};
/* End PBXCopyFilesBuildPhase section */

/* Begin PBXFileReference section */
		6D27AD041B541CD3009F91B3 /* ResearchTopicTableViewController.swift */ = {isa = PBXFileReference; fileEncoding = 4; lastKnownFileType = sourcecode.swift; path = ResearchTopicTableViewController.swift; sourceTree = "<group>"; };
		6D27AD051B541CD3009F91B3 /* ResearchTopicViewController.swift */ = {isa = PBXFileReference; fileEncoding = 4; lastKnownFileType = sourcecode.swift; path = ResearchTopicViewController.swift; sourceTree = "<group>"; };
		6D27AD0A1B542445009F91B3 /* ResearchTopicTableViewCell.swift */ = {isa = PBXFileReference; fileEncoding = 4; lastKnownFileType = sourcecode.swift; path = ResearchTopicTableViewCell.swift; sourceTree = "<group>"; };
		6D27AD101B557B7A009F91B3 /* ForumTableViewController.swift */ = {isa = PBXFileReference; fileEncoding = 4; lastKnownFileType = sourcecode.swift; path = ForumTableViewController.swift; sourceTree = "<group>"; };
		6D27AD151B558995009F91B3 /* TopicShowTableViewController.swift */ = {isa = PBXFileReference; fileEncoding = 4; lastKnownFileType = sourcecode.swift; path = TopicShowTableViewController.swift; sourceTree = "<group>"; };
		6D27AD171B558F9D009F91B3 /* TopicPostTableViewCell.swift */ = {isa = PBXFileReference; fileEncoding = 4; lastKnownFileType = sourcecode.swift; path = TopicPostTableViewCell.swift; sourceTree = "<group>"; };
		6D27AD191B559E18009F91B3 /* TopicNewViewController.swift */ = {isa = PBXFileReference; fileEncoding = 4; lastKnownFileType = sourcecode.swift; path = TopicNewViewController.swift; sourceTree = "<group>"; };
		6D4122061B55ACBC00562C88 /* PostNewViewController.swift */ = {isa = PBXFileReference; fileEncoding = 4; lastKnownFileType = sourcecode.swift; path = PostNewViewController.swift; sourceTree = "<group>"; };
		6D4268C21B50BC0D00AE3A83 /* LoginViewController.swift */ = {isa = PBXFileReference; fileEncoding = 4; lastKnownFileType = sourcecode.swift; path = LoginViewController.swift; sourceTree = "<group>"; };
		6D7D49551B3C3F5C005C4189 /* AboutMeSurveyTask.swift */ = {isa = PBXFileReference; fileEncoding = 4; lastKnownFileType = sourcecode.swift; path = AboutMeSurveyTask.swift; sourceTree = "<group>"; };
		6D7D49591B3C40CD005C4189 /* AdditionalInformationSurveyTask.swift */ = {isa = PBXFileReference; fileEncoding = 4; lastKnownFileType = sourcecode.swift; path = AdditionalInformationSurveyTask.swift; sourceTree = "<group>"; };
		6D7D495B1B3C4DAF005C4189 /* MySleepPatternSurveyTask.swift */ = {isa = PBXFileReference; fileEncoding = 4; lastKnownFileType = sourcecode.swift; path = MySleepPatternSurveyTask.swift; sourceTree = "<group>"; };
		6D7D495D1B3C4E34005C4189 /* AboutMyFamilySurveyTask.swift */ = {isa = PBXFileReference; fileEncoding = 4; lastKnownFileType = sourcecode.swift; path = AboutMyFamilySurveyTask.swift; sourceTree = "<group>"; };
		6D7D495F1B3C4E60005C4189 /* MySleepQualitySurveyTask.swift */ = {isa = PBXFileReference; fileEncoding = 4; lastKnownFileType = sourcecode.swift; path = MySleepQualitySurveyTask.swift; sourceTree = "<group>"; };
		6D7D49611B3C4E8B005C4189 /* MyHealthConditionsSurveyTask.swift */ = {isa = PBXFileReference; fileEncoding = 4; lastKnownFileType = sourcecode.swift; path = MyHealthConditionsSurveyTask.swift; sourceTree = "<group>"; };
		6D7D49631B3C4EB1005C4189 /* MyInterestInResearchSurveyTask.swift */ = {isa = PBXFileReference; fileEncoding = 4; lastKnownFileType = sourcecode.swift; path = MyInterestInResearchSurveyTask.swift; sourceTree = "<group>"; };
		6D7D49651B3C4EDC005C4189 /* MyQualityOfLifeSurveyTask.swift */ = {isa = PBXFileReference; fileEncoding = 4; lastKnownFileType = sourcecode.swift; path = MyQualityOfLifeSurveyTask.swift; sourceTree = "<group>"; };
		6D7D49671B3C4F05005C4189 /* MySleepApneaTreatmentSurveyTask.swift */ = {isa = PBXFileReference; fileEncoding = 4; lastKnownFileType = sourcecode.swift; path = MySleepApneaTreatmentSurveyTask.swift; sourceTree = "<group>"; };
		6D7D49691B3C4F2A005C4189 /* MySleepApneaSurveyTask.swift */ = {isa = PBXFileReference; fileEncoding = 4; lastKnownFileType = sourcecode.swift; path = MySleepApneaSurveyTask.swift; sourceTree = "<group>"; };
		6D7D496B1B3C4F4B005C4189 /* MyRiskProfileSurveyTask.swift */ = {isa = PBXFileReference; fileEncoding = 4; lastKnownFileType = sourcecode.swift; path = MyRiskProfileSurveyTask.swift; sourceTree = "<group>"; };
		6DBF3ACB1B61384A00094C91 /* InitialViewController.swift */ = {isa = PBXFileReference; fileEncoding = 4; lastKnownFileType = sourcecode.swift; path = InitialViewController.swift; sourceTree = "<group>"; };
		6DBF3ACF1B61396B00094C91 /* WelcomePageViewController.swift */ = {isa = PBXFileReference; fileEncoding = 4; lastKnownFileType = sourcecode.swift; path = WelcomePageViewController.swift; sourceTree = "<group>"; };
		6DBF3AD11B61398800094C91 /* WelcomeItemViewController.swift */ = {isa = PBXFileReference; fileEncoding = 4; lastKnownFileType = sourcecode.swift; path = WelcomeItemViewController.swift; sourceTree = "<group>"; };
		6DDC89231B3B41DA007DD498 /* MyApneaRK.app */ = {isa = PBXFileReference; explicitFileType = wrapper.application; includeInIndex = 0; path = MyApneaRK.app; sourceTree = BUILT_PRODUCTS_DIR; };
		6DDC89271B3B41DA007DD498 /* Info.plist */ = {isa = PBXFileReference; lastKnownFileType = text.plist.xml; path = Info.plist; sourceTree = "<group>"; };
		6DDC89281B3B41DA007DD498 /* AppDelegate.swift */ = {isa = PBXFileReference; lastKnownFileType = sourcecode.swift; path = AppDelegate.swift; sourceTree = "<group>"; };
		6DDC892A1B3B41DA007DD498 /* FirstViewController.swift */ = {isa = PBXFileReference; lastKnownFileType = sourcecode.swift; path = FirstViewController.swift; sourceTree = "<group>"; };
		6DDC892C1B3B41DA007DD498 /* SecondViewController.swift */ = {isa = PBXFileReference; lastKnownFileType = sourcecode.swift; path = SecondViewController.swift; sourceTree = "<group>"; };
		6DDC892F1B3B41DA007DD498 /* Base */ = {isa = PBXFileReference; lastKnownFileType = file.storyboard; name = Base; path = Base.lproj/Main.storyboard; sourceTree = "<group>"; };
		6DDC89311B3B41DA007DD498 /* Images.xcassets */ = {isa = PBXFileReference; lastKnownFileType = folder.assetcatalog; path = Images.xcassets; sourceTree = "<group>"; };
		6DDC89341B3B41DA007DD498 /* Base */ = {isa = PBXFileReference; lastKnownFileType = file.xib; name = Base; path = Base.lproj/LaunchScreen.xib; sourceTree = "<group>"; };
		6DDC893A1B3B41DA007DD498 /* MyApneaRKTests.xctest */ = {isa = PBXFileReference; explicitFileType = wrapper.cfbundle; includeInIndex = 0; path = MyApneaRKTests.xctest; sourceTree = BUILT_PRODUCTS_DIR; };
		6DDC893F1B3B41DA007DD498 /* Info.plist */ = {isa = PBXFileReference; lastKnownFileType = text.plist.xml; path = Info.plist; sourceTree = "<group>"; };
		6DDC89401B3B41DA007DD498 /* MyApneaRKTests.swift */ = {isa = PBXFileReference; lastKnownFileType = sourcecode.swift; path = MyApneaRKTests.swift; sourceTree = "<group>"; };
		6DDC894A1B3B4910007DD498 /* ResearchKit.xcodeproj */ = {isa = PBXFileReference; lastKnownFileType = "wrapper.pb-project"; name = ResearchKit.xcodeproj; path = ../ResearchKit/ResearchKit.xcodeproj; sourceTree = "<group>"; };
		6DDC895A1B3B497F007DD498 /* ConsentDocument.swift */ = {isa = PBXFileReference; fileEncoding = 4; lastKnownFileType = sourcecode.swift; path = ConsentDocument.swift; sourceTree = "<group>"; };
		6DDC895C1B3B49A2007DD498 /* ConsentTask.swift */ = {isa = PBXFileReference; fileEncoding = 4; lastKnownFileType = sourcecode.swift; path = ConsentTask.swift; sourceTree = "<group>"; };
/* End PBXFileReference section */

/* Begin PBXFrameworksBuildPhase section */
		6DDC89201B3B41DA007DD498 /* Frameworks */ = {
			isa = PBXFrameworksBuildPhase;
			buildActionMask = 2147483647;
			files = (
				6DDC89541B3B4921007DD498 /* ResearchKit.framework in Frameworks */,
			);
			runOnlyForDeploymentPostprocessing = 0;
		};
		6DDC89371B3B41DA007DD498 /* Frameworks */ = {
			isa = PBXFrameworksBuildPhase;
			buildActionMask = 2147483647;
			files = (
			);
			runOnlyForDeploymentPostprocessing = 0;
		};
/* End PBXFrameworksBuildPhase section */

/* Begin PBXGroup section */
		6D27AD0C1B545A04009F91B3 /* SurveyTasks */ = {
			isa = PBXGroup;
			children = (
				6D7D495B1B3C4DAF005C4189 /* MySleepPatternSurveyTask.swift */,
				6D7D495D1B3C4E34005C4189 /* AboutMyFamilySurveyTask.swift */,
				6D7D495F1B3C4E60005C4189 /* MySleepQualitySurveyTask.swift */,
				6D7D49611B3C4E8B005C4189 /* MyHealthConditionsSurveyTask.swift */,
				6D7D49631B3C4EB1005C4189 /* MyInterestInResearchSurveyTask.swift */,
				6D7D49651B3C4EDC005C4189 /* MyQualityOfLifeSurveyTask.swift */,
				6D7D49591B3C40CD005C4189 /* AdditionalInformationSurveyTask.swift */,
				6D7D49551B3C3F5C005C4189 /* AboutMeSurveyTask.swift */,
				6D7D49671B3C4F05005C4189 /* MySleepApneaTreatmentSurveyTask.swift */,
				6D7D49691B3C4F2A005C4189 /* MySleepApneaSurveyTask.swift */,
				6D7D496B1B3C4F4B005C4189 /* MyRiskProfileSurveyTask.swift */,
			);
			name = SurveyTasks;
			sourceTree = "<group>";
		};
		6D27AD0D1B545A15009F91B3 /* ConsentProcess */ = {
			isa = PBXGroup;
			children = (
				6DDC895A1B3B497F007DD498 /* ConsentDocument.swift */,
				6DDC895C1B3B49A2007DD498 /* ConsentTask.swift */,
			);
			name = ConsentProcess;
			sourceTree = "<group>";
		};
		6D27AD0E1B545A25009F91B3 /* ResearchTopics */ = {
			isa = PBXGroup;
			children = (
				6D27AD041B541CD3009F91B3 /* ResearchTopicTableViewController.swift */,
				6D27AD0A1B542445009F91B3 /* ResearchTopicTableViewCell.swift */,
				6D27AD051B541CD3009F91B3 /* ResearchTopicViewController.swift */,
			);
			name = ResearchTopics;
			sourceTree = "<group>";
		};
		6D27AD0F1B545A55009F91B3 /* NavigationControllers */ = {
			isa = PBXGroup;
			children = (
				6D4268C21B50BC0D00AE3A83 /* LoginViewController.swift */,
				6DDC892A1B3B41DA007DD498 /* FirstViewController.swift */,
				6DDC892C1B3B41DA007DD498 /* SecondViewController.swift */,
			);
			name = NavigationControllers;
			sourceTree = "<group>";
		};
		6D27AD141B557DC0009F91B3 /* Forums */ = {
			isa = PBXGroup;
			children = (
				6D27AD101B557B7A009F91B3 /* ForumTableViewController.swift */,
				6D27AD151B558995009F91B3 /* TopicShowTableViewController.swift */,
				6D27AD171B558F9D009F91B3 /* TopicPostTableViewCell.swift */,
				6D27AD191B559E18009F91B3 /* TopicNewViewController.swift */,
				6D4122061B55ACBC00562C88 /* PostNewViewController.swift */,
			);
			name = Forums;
			sourceTree = "<group>";
		};
		6DBF3AD31B613A0F00094C91 /* Welcome */ = {
			isa = PBXGroup;
			children = (
				6DBF3ACB1B61384A00094C91 /* InitialViewController.swift */,
				6DBF3ACF1B61396B00094C91 /* WelcomePageViewController.swift */,
				6DBF3AD11B61398800094C91 /* WelcomeItemViewController.swift */,
			);
			name = Welcome;
			sourceTree = "<group>";
		};
		6DDC891A1B3B41DA007DD498 = {
			isa = PBXGroup;
			children = (
				6DDC894A1B3B4910007DD498 /* ResearchKit.xcodeproj */,
				6DDC89251B3B41DA007DD498 /* MyApneaRK */,
				6DDC893D1B3B41DA007DD498 /* MyApneaRKTests */,
				6DDC89241B3B41DA007DD498 /* Products */,
			);
			sourceTree = "<group>";
		};
		6DDC89241B3B41DA007DD498 /* Products */ = {
			isa = PBXGroup;
			children = (
				6DDC89231B3B41DA007DD498 /* MyApneaRK.app */,
				6DDC893A1B3B41DA007DD498 /* MyApneaRKTests.xctest */,
			);
			name = Products;
			sourceTree = "<group>";
		};
		6DDC89251B3B41DA007DD498 /* MyApneaRK */ = {
			isa = PBXGroup;
			children = (
				6DDC89281B3B41DA007DD498 /* AppDelegate.swift */,
				6DBF3AD31B613A0F00094C91 /* Welcome */,
				6D27AD0F1B545A55009F91B3 /* NavigationControllers */,
				6D27AD0D1B545A15009F91B3 /* ConsentProcess */,
				6D27AD0C1B545A04009F91B3 /* SurveyTasks */,
				6D27AD0E1B545A25009F91B3 /* ResearchTopics */,
				6D27AD141B557DC0009F91B3 /* Forums */,
				6DDC89311B3B41DA007DD498 /* Images.xcassets */,
				6DDC892E1B3B41DA007DD498 /* Main.storyboard */,
				6DDC89331B3B41DA007DD498 /* LaunchScreen.xib */,
				6DDC89261B3B41DA007DD498 /* Supporting Files */,
			);
			path = MyApneaRK;
			sourceTree = "<group>";
		};
		6DDC89261B3B41DA007DD498 /* Supporting Files */ = {
			isa = PBXGroup;
			children = (
				6DDC89271B3B41DA007DD498 /* Info.plist */,
			);
			name = "Supporting Files";
			sourceTree = "<group>";
		};
		6DDC893D1B3B41DA007DD498 /* MyApneaRKTests */ = {
			isa = PBXGroup;
			children = (
				6DDC89401B3B41DA007DD498 /* MyApneaRKTests.swift */,
				6DDC893E1B3B41DA007DD498 /* Supporting Files */,
			);
			path = MyApneaRKTests;
			sourceTree = "<group>";
		};
		6DDC893E1B3B41DA007DD498 /* Supporting Files */ = {
			isa = PBXGroup;
			children = (
				6DDC893F1B3B41DA007DD498 /* Info.plist */,
			);
			name = "Supporting Files";
			sourceTree = "<group>";
		};
		6DDC894B1B3B4910007DD498 /* Products */ = {
			isa = PBXGroup;
			children = (
				6DDC89511B3B4910007DD498 /* ResearchKit.framework */,
				6DDC89531B3B4910007DD498 /* ResearchKitTests.xctest */,
			);
			name = Products;
			sourceTree = "<group>";
		};
/* End PBXGroup section */

/* Begin PBXNativeTarget section */
		6DDC89221B3B41DA007DD498 /* MyApneaRK */ = {
			isa = PBXNativeTarget;
			buildConfigurationList = 6DDC89441B3B41DA007DD498 /* Build configuration list for PBXNativeTarget "MyApneaRK" */;
			buildPhases = (
				6DDC891F1B3B41DA007DD498 /* Sources */,
				6DDC89201B3B41DA007DD498 /* Frameworks */,
				6DDC89211B3B41DA007DD498 /* Resources */,
				6DDC89581B3B4921007DD498 /* Embed Frameworks */,
			);
			buildRules = (
			);
			dependencies = (
				6DDC89571B3B4921007DD498 /* PBXTargetDependency */,
			);
			name = MyApneaRK;
			productName = MyApneaRK;
			productReference = 6DDC89231B3B41DA007DD498 /* MyApneaRK.app */;
			productType = "com.apple.product-type.application";
		};
		6DDC89391B3B41DA007DD498 /* MyApneaRKTests */ = {
			isa = PBXNativeTarget;
			buildConfigurationList = 6DDC89471B3B41DA007DD498 /* Build configuration list for PBXNativeTarget "MyApneaRKTests" */;
			buildPhases = (
				6DDC89361B3B41DA007DD498 /* Sources */,
				6DDC89371B3B41DA007DD498 /* Frameworks */,
				6DDC89381B3B41DA007DD498 /* Resources */,
			);
			buildRules = (
			);
			dependencies = (
				6DDC893C1B3B41DA007DD498 /* PBXTargetDependency */,
			);
			name = MyApneaRKTests;
			productName = MyApneaRKTests;
			productReference = 6DDC893A1B3B41DA007DD498 /* MyApneaRKTests.xctest */;
			productType = "com.apple.product-type.bundle.unit-test";
		};
/* End PBXNativeTarget section */

/* Begin PBXProject section */
		6DDC891B1B3B41DA007DD498 /* Project object */ = {
			isa = PBXProject;
			attributes = {
				LastUpgradeCheck = 0630;
				ORGANIZATIONNAME = myapnea;
				TargetAttributes = {
					6DDC89221B3B41DA007DD498 = {
						CreatedOnToolsVersion = 6.3.2;
						DevelopmentTeam = MJ475L47L5;
					};
					6DDC89391B3B41DA007DD498 = {
						CreatedOnToolsVersion = 6.3.2;
						TestTargetID = 6DDC89221B3B41DA007DD498;
					};
				};
			};
			buildConfigurationList = 6DDC891E1B3B41DA007DD498 /* Build configuration list for PBXProject "MyApneaRK" */;
			compatibilityVersion = "Xcode 3.2";
			developmentRegion = English;
			hasScannedForEncodings = 0;
			knownRegions = (
				en,
				Base,
			);
			mainGroup = 6DDC891A1B3B41DA007DD498;
			productRefGroup = 6DDC89241B3B41DA007DD498 /* Products */;
			projectDirPath = "";
			projectReferences = (
				{
					ProductGroup = 6DDC894B1B3B4910007DD498 /* Products */;
					ProjectRef = 6DDC894A1B3B4910007DD498 /* ResearchKit.xcodeproj */;
				},
			);
			projectRoot = "";
			targets = (
				6DDC89221B3B41DA007DD498 /* MyApneaRK */,
				6DDC89391B3B41DA007DD498 /* MyApneaRKTests */,
			);
		};
/* End PBXProject section */

/* Begin PBXReferenceProxy section */
		6DDC89511B3B4910007DD498 /* ResearchKit.framework */ = {
			isa = PBXReferenceProxy;
			fileType = wrapper.framework;
			path = ResearchKit.framework;
			remoteRef = 6DDC89501B3B4910007DD498 /* PBXContainerItemProxy */;
			sourceTree = BUILT_PRODUCTS_DIR;
		};
		6DDC89531B3B4910007DD498 /* ResearchKitTests.xctest */ = {
			isa = PBXReferenceProxy;
			fileType = wrapper.cfbundle;
			path = ResearchKitTests.xctest;
			remoteRef = 6DDC89521B3B4910007DD498 /* PBXContainerItemProxy */;
			sourceTree = BUILT_PRODUCTS_DIR;
		};
/* End PBXReferenceProxy section */

/* Begin PBXResourcesBuildPhase section */
		6DDC89211B3B41DA007DD498 /* Resources */ = {
			isa = PBXResourcesBuildPhase;
			buildActionMask = 2147483647;
			files = (
				6DDC89301B3B41DA007DD498 /* Main.storyboard in Resources */,
				6DDC89351B3B41DA007DD498 /* LaunchScreen.xib in Resources */,
				6DDC89321B3B41DA007DD498 /* Images.xcassets in Resources */,
			);
			runOnlyForDeploymentPostprocessing = 0;
		};
		6DDC89381B3B41DA007DD498 /* Resources */ = {
			isa = PBXResourcesBuildPhase;
			buildActionMask = 2147483647;
			files = (
			);
			runOnlyForDeploymentPostprocessing = 0;
		};
/* End PBXResourcesBuildPhase section */

/* Begin PBXSourcesBuildPhase section */
		6DDC891F1B3B41DA007DD498 /* Sources */ = {
			isa = PBXSourcesBuildPhase;
			buildActionMask = 2147483647;
			files = (
				6D27AD071B541CD3009F91B3 /* ResearchTopicViewController.swift in Sources */,
				6DBF3ACC1B61384A00094C91 /* InitialViewController.swift in Sources */,
				6D27AD181B558F9D009F91B3 /* TopicPostTableViewCell.swift in Sources */,
				6D7D49641B3C4EB1005C4189 /* MyInterestInResearchSurveyTask.swift in Sources */,
				6DBF3AD01B61396B00094C91 /* WelcomePageViewController.swift in Sources */,
				6D7D49561B3C3F5C005C4189 /* AboutMeSurveyTask.swift in Sources */,
				6D27AD161B558995009F91B3 /* TopicShowTableViewController.swift in Sources */,
				6D27AD061B541CD3009F91B3 /* ResearchTopicTableViewController.swift in Sources */,
				6D7D496A1B3C4F2A005C4189 /* MySleepApneaSurveyTask.swift in Sources */,
				6DDC892D1B3B41DA007DD498 /* SecondViewController.swift in Sources */,
				6D7D495E1B3C4E34005C4189 /* AboutMyFamilySurveyTask.swift in Sources */,
				6DDC895B1B3B497F007DD498 /* ConsentDocument.swift in Sources */,
				6D27AD0B1B542445009F91B3 /* ResearchTopicTableViewCell.swift in Sources */,
				6D7D49661B3C4EDC005C4189 /* MyQualityOfLifeSurveyTask.swift in Sources */,
				6D7D49601B3C4E60005C4189 /* MySleepQualitySurveyTask.swift in Sources */,
				6DDC895D1B3B49A2007DD498 /* ConsentTask.swift in Sources */,
				6D7D496C1B3C4F4B005C4189 /* MyRiskProfileSurveyTask.swift in Sources */,
				6DDC89291B3B41DA007DD498 /* AppDelegate.swift in Sources */,
				6DDC892B1B3B41DA007DD498 /* FirstViewController.swift in Sources */,
				6D7D49621B3C4E8B005C4189 /* MyHealthConditionsSurveyTask.swift in Sources */,
				6D4268C31B50BC0D00AE3A83 /* LoginViewController.swift in Sources */,
				6D7D49681B3C4F05005C4189 /* MySleepApneaTreatmentSurveyTask.swift in Sources */,
				6D27AD111B557B7A009F91B3 /* ForumTableViewController.swift in Sources */,
				6D7D495A1B3C40CD005C4189 /* AdditionalInformationSurveyTask.swift in Sources */,
				6DBF3AD21B61398800094C91 /* WelcomeItemViewController.swift in Sources */,
				6D7D495C1B3C4DAF005C4189 /* MySleepPatternSurveyTask.swift in Sources */,
				6D4122071B55ACBC00562C88 /* PostNewViewController.swift in Sources */,
				6D27AD1A1B559E18009F91B3 /* TopicNewViewController.swift in Sources */,
			);
			runOnlyForDeploymentPostprocessing = 0;
		};
		6DDC89361B3B41DA007DD498 /* Sources */ = {
			isa = PBXSourcesBuildPhase;
			buildActionMask = 2147483647;
			files = (
				6DDC89411B3B41DA007DD498 /* MyApneaRKTests.swift in Sources */,
			);
			runOnlyForDeploymentPostprocessing = 0;
		};
/* End PBXSourcesBuildPhase section */

/* Begin PBXTargetDependency section */
		6DDC893C1B3B41DA007DD498 /* PBXTargetDependency */ = {
			isa = PBXTargetDependency;
			target = 6DDC89221B3B41DA007DD498 /* MyApneaRK */;
			targetProxy = 6DDC893B1B3B41DA007DD498 /* PBXContainerItemProxy */;
		};
		6DDC89571B3B4921007DD498 /* PBXTargetDependency */ = {
			isa = PBXTargetDependency;
			name = ResearchKit;
			targetProxy = 6DDC89561B3B4921007DD498 /* PBXContainerItemProxy */;
		};
/* End PBXTargetDependency section */

/* Begin PBXVariantGroup section */
		6DDC892E1B3B41DA007DD498 /* Main.storyboard */ = {
			isa = PBXVariantGroup;
			children = (
				6DDC892F1B3B41DA007DD498 /* Base */,
			);
			name = Main.storyboard;
			sourceTree = "<group>";
		};
		6DDC89331B3B41DA007DD498 /* LaunchScreen.xib */ = {
			isa = PBXVariantGroup;
			children = (
				6DDC89341B3B41DA007DD498 /* Base */,
			);
			name = LaunchScreen.xib;
			sourceTree = "<group>";
		};
/* End PBXVariantGroup section */

/* Begin XCBuildConfiguration section */
		6DDC89421B3B41DA007DD498 /* Debug */ = {
			isa = XCBuildConfiguration;
			buildSettings = {
				ALWAYS_SEARCH_USER_PATHS = NO;
				CLANG_CXX_LANGUAGE_STANDARD = "gnu++0x";
				CLANG_CXX_LIBRARY = "libc++";
				CLANG_ENABLE_MODULES = YES;
				CLANG_ENABLE_OBJC_ARC = YES;
				CLANG_WARN_BOOL_CONVERSION = YES;
				CLANG_WARN_CONSTANT_CONVERSION = YES;
				CLANG_WARN_DIRECT_OBJC_ISA_USAGE = YES_ERROR;
				CLANG_WARN_EMPTY_BODY = YES;
				CLANG_WARN_ENUM_CONVERSION = YES;
				CLANG_WARN_INT_CONVERSION = YES;
				CLANG_WARN_OBJC_ROOT_CLASS = YES_ERROR;
				CLANG_WARN_UNREACHABLE_CODE = YES;
				CLANG_WARN__DUPLICATE_METHOD_MATCH = YES;
				"CODE_SIGN_IDENTITY[sdk=iphoneos*]" = "iPhone Developer";
				COPY_PHASE_STRIP = NO;
				DEBUG_INFORMATION_FORMAT = "dwarf-with-dsym";
				ENABLE_STRICT_OBJC_MSGSEND = YES;
				GCC_C_LANGUAGE_STANDARD = gnu99;
				GCC_DYNAMIC_NO_PIC = NO;
				GCC_NO_COMMON_BLOCKS = YES;
				GCC_OPTIMIZATION_LEVEL = 0;
				GCC_PREPROCESSOR_DEFINITIONS = (
					"DEBUG=1",
					"$(inherited)",
				);
				GCC_SYMBOLS_PRIVATE_EXTERN = NO;
				GCC_WARN_64_TO_32_BIT_CONVERSION = YES;
				GCC_WARN_ABOUT_RETURN_TYPE = YES_ERROR;
				GCC_WARN_UNDECLARED_SELECTOR = YES;
				GCC_WARN_UNINITIALIZED_AUTOS = YES_AGGRESSIVE;
				GCC_WARN_UNUSED_FUNCTION = YES;
				GCC_WARN_UNUSED_VARIABLE = YES;
				IPHONEOS_DEPLOYMENT_TARGET = 8.3;
				MTL_ENABLE_DEBUG_INFO = YES;
				ONLY_ACTIVE_ARCH = YES;
				SDKROOT = iphoneos;
				SWIFT_OPTIMIZATION_LEVEL = "-Onone";
			};
			name = Debug;
		};
		6DDC89431B3B41DA007DD498 /* Release */ = {
			isa = XCBuildConfiguration;
			buildSettings = {
				ALWAYS_SEARCH_USER_PATHS = NO;
				CLANG_CXX_LANGUAGE_STANDARD = "gnu++0x";
				CLANG_CXX_LIBRARY = "libc++";
				CLANG_ENABLE_MODULES = YES;
				CLANG_ENABLE_OBJC_ARC = YES;
				CLANG_WARN_BOOL_CONVERSION = YES;
				CLANG_WARN_CONSTANT_CONVERSION = YES;
				CLANG_WARN_DIRECT_OBJC_ISA_USAGE = YES_ERROR;
				CLANG_WARN_EMPTY_BODY = YES;
				CLANG_WARN_ENUM_CONVERSION = YES;
				CLANG_WARN_INT_CONVERSION = YES;
				CLANG_WARN_OBJC_ROOT_CLASS = YES_ERROR;
				CLANG_WARN_UNREACHABLE_CODE = YES;
				CLANG_WARN__DUPLICATE_METHOD_MATCH = YES;
				"CODE_SIGN_IDENTITY[sdk=iphoneos*]" = "iPhone Developer";
				COPY_PHASE_STRIP = NO;
				DEBUG_INFORMATION_FORMAT = "dwarf-with-dsym";
				ENABLE_NS_ASSERTIONS = NO;
				ENABLE_STRICT_OBJC_MSGSEND = YES;
				GCC_C_LANGUAGE_STANDARD = gnu99;
				GCC_NO_COMMON_BLOCKS = YES;
				GCC_WARN_64_TO_32_BIT_CONVERSION = YES;
				GCC_WARN_ABOUT_RETURN_TYPE = YES_ERROR;
				GCC_WARN_UNDECLARED_SELECTOR = YES;
				GCC_WARN_UNINITIALIZED_AUTOS = YES_AGGRESSIVE;
				GCC_WARN_UNUSED_FUNCTION = YES;
				GCC_WARN_UNUSED_VARIABLE = YES;
				IPHONEOS_DEPLOYMENT_TARGET = 8.3;
				MTL_ENABLE_DEBUG_INFO = NO;
				SDKROOT = iphoneos;
				VALIDATE_PRODUCT = YES;
			};
			name = Release;
		};
		6DDC89451B3B41DA007DD498 /* Debug */ = {
			isa = XCBuildConfiguration;
			buildSettings = {
				ASSETCATALOG_COMPILER_APPICON_NAME = AppIcon;
				CODE_SIGN_IDENTITY = "iPhone Developer";
				"CODE_SIGN_IDENTITY[sdk=iphoneos*]" = "iPhone Developer";
				INFOPLIST_FILE = MyApneaRK/Info.plist;
				LD_RUNPATH_SEARCH_PATHS = "$(inherited) @executable_path/Frameworks";
				PRODUCT_NAME = "$(TARGET_NAME)";
				PROVISIONING_PROFILE = "";
			};
			name = Debug;
		};
		6DDC89461B3B41DA007DD498 /* Release */ = {
			isa = XCBuildConfiguration;
			buildSettings = {
				ASSETCATALOG_COMPILER_APPICON_NAME = AppIcon;
				CODE_SIGN_IDENTITY = "iPhone Developer";
				"CODE_SIGN_IDENTITY[sdk=iphoneos*]" = "iPhone Developer";
				INFOPLIST_FILE = MyApneaRK/Info.plist;
				LD_RUNPATH_SEARCH_PATHS = "$(inherited) @executable_path/Frameworks";
				PRODUCT_NAME = "$(TARGET_NAME)";
				PROVISIONING_PROFILE = "";
			};
			name = Release;
		};
		6DDC89481B3B41DA007DD498 /* Debug */ = {
			isa = XCBuildConfiguration;
			buildSettings = {
				BUNDLE_LOADER = "$(TEST_HOST)";
				FRAMEWORK_SEARCH_PATHS = (
					"$(SDKROOT)/Developer/Library/Frameworks",
					"$(inherited)",
				);
				GCC_PREPROCESSOR_DEFINITIONS = (
					"DEBUG=1",
					"$(inherited)",
				);
				INFOPLIST_FILE = MyApneaRKTests/Info.plist;
				LD_RUNPATH_SEARCH_PATHS = "$(inherited) @executable_path/Frameworks @loader_path/Frameworks";
				PRODUCT_NAME = "$(TARGET_NAME)";
				TEST_HOST = "$(BUILT_PRODUCTS_DIR)/MyApneaRK.app/MyApneaRK";
			};
			name = Debug;
		};
		6DDC89491B3B41DA007DD498 /* Release */ = {
			isa = XCBuildConfiguration;
			buildSettings = {
				BUNDLE_LOADER = "$(TEST_HOST)";
				FRAMEWORK_SEARCH_PATHS = (
					"$(SDKROOT)/Developer/Library/Frameworks",
					"$(inherited)",
				);
				INFOPLIST_FILE = MyApneaRKTests/Info.plist;
				LD_RUNPATH_SEARCH_PATHS = "$(inherited) @executable_path/Frameworks @loader_path/Frameworks";
				PRODUCT_NAME = "$(TARGET_NAME)";
				TEST_HOST = "$(BUILT_PRODUCTS_DIR)/MyApneaRK.app/MyApneaRK";
			};
			name = Release;
		};
/* End XCBuildConfiguration section */

/* Begin XCConfigurationList section */
		6DDC891E1B3B41DA007DD498 /* Build configuration list for PBXProject "MyApneaRK" */ = {
			isa = XCConfigurationList;
			buildConfigurations = (
				6DDC89421B3B41DA007DD498 /* Debug */,
				6DDC89431B3B41DA007DD498 /* Release */,
			);
			defaultConfigurationIsVisible = 0;
			defaultConfigurationName = Release;
		};
		6DDC89441B3B41DA007DD498 /* Build configuration list for PBXNativeTarget "MyApneaRK" */ = {
			isa = XCConfigurationList;
			buildConfigurations = (
				6DDC89451B3B41DA007DD498 /* Debug */,
				6DDC89461B3B41DA007DD498 /* Release */,
			);
			defaultConfigurationIsVisible = 0;
			defaultConfigurationName = Release;
		};
		6DDC89471B3B41DA007DD498 /* Build configuration list for PBXNativeTarget "MyApneaRKTests" */ = {
			isa = XCConfigurationList;
			buildConfigurations = (
				6DDC89481B3B41DA007DD498 /* Debug */,
				6DDC89491B3B41DA007DD498 /* Release */,
			);
			defaultConfigurationIsVisible = 0;
			defaultConfigurationName = Release;
		};
/* End XCConfigurationList section */
	};
	rootObject = 6DDC891B1B3B41DA007DD498 /* Project object */;
}
